{
  "version": 4,
  "terraform_version": "0.12.18",
  "serial": 7,
  "lineage": "2fa69b78-e889-76a4-cabf-6a5f43db9565",
  "outputs": {
    "vpc_id": {
      "value": "vpc-0a403b0bf01098cad",
      "type": "string"
    }
  },
  "resources": [
    {
      "mode": "managed",
      "type": "aws_subnet",
      "name": "test",
      "provider": "provider.aws",
      "instances": [
        {
          "schema_version": 1,
          "attributes": {
            "arn": "arn:aws:ec2:us-west-2:12345678900:subnet/subnet-0423b1f0af2cb7515",
            "assign_ipv6_address_on_creation": false,
            "availability_zone": "us-west-2b",
            "availability_zone_id": "usw2-az1",
            "cidr_block": "10.0.1.0/24",
            "id": "subnet-0423b1f0af2cb7515",
            "ipv6_cidr_block": "",
            "ipv6_cidr_block_association_id": "",
            "map_public_ip_on_launch": false,
            "owner_id": "12345678900",
            "tags": {
              "Name": "test"
            },
            "timeouts": null,
            "vpc_id": "vpc-0a403b0bf01098cad"
          },
          "private": "eyJlMmJmYjczMC1lY2FhLTExZTYtOGY4OC0zNDM2M2JjN2M0YzAiOnsiY3JlYXRlIjo2MDAwMDAwMDAwMDAsImRlbGV0ZSI6MTIwMDAwMDAwMDAwMH0sInNjaGVtYV92ZXJzaW9uIjoiMSJ9",
          "dependencies": [
            "module.vpc.aws_vpc.test"
          ]
        }
      ]
    },
    {
      "module": "module.vpc",
      "mode": "managed",
      "type": "aws_vpc",
      "name": "test",
      "provider": "module.vpc.provider.aws",
      "instances": [
        {
          "schema_version": 1,
          "attributes": {
            "arn": "arn:aws:ec2:us-west-2:12345678900:vpc/vpc-0a403b0bf01098cad",
            "assign_generated_ipv6_cidr_block": false,
            "cidr_block": "10.0.0.0/16",
            "default_network_acl_id": "acl-074dd31da554ae34d",
            "default_route_table_id": "rtb-0bb7ba2cecab3d8e0",
            "default_security_group_id": "sg-06e9fe2fbe8429c90",
            "dhcp_options_id": "dopt-56d8ce2f",
            "enable_classiclink": false,
            "enable_classiclink_dns_support": false,
            "enable_dns_hostnames": false,
            "enable_dns_support": true,
            "id": "vpc-0a403b0bf01098cad",
            "instance_tenancy": "default",
            "ipv6_association_id": "",
            "ipv6_cidr_block": "",
            "main_route_table_id": "rtb-0bb7ba2cecab3d8e0",
            "owner_id": "12345678900",
            "tags": {
              "Name": "test"
            }
          },
          "private": "eyJzY2hlbWFfdmVyc2lvbiI6IjEifQ=="
        }
      ]
    }
  ]
}
