{
  "version": 4,
  "terraform_version": "0.12.9",
  "serial": 106,
  "lineage": "e5931376-a89f-3e94-a4e0-b3431bf3e524",
  "outputs": {
    "vpc_id": {
      "value": "vpc-034efaa028f36357d",
      "type": "string"
    }
  },
  "resources": [
    {
      "mode": "managed",
      "type": "aws_vpc",
      "name": "test",
      "provider": "provider.aws",
      "instances": [
        {
          "schema_version": 1,
          "attributes": {
            "arn": "arn:aws:ec2:us-west-2:123456789000:vpc/vpc-034efaa028f36357d",
            "assign_generated_ipv6_cidr_block": false,
            "cidr_block": "10.0.0.0/16",
            "default_network_acl_id": "acl-0248e691042309486",
            "default_route_table_id": "rtb-068e5fac0b807429a",
            "default_security_group_id": "sg-0b669f03e8f87c22e",
            "dhcp_options_id": "dopt-56d8ce2f",
            "dhcp_options_id": "dopt-56d8ce2f",
            "enable_classiclink": false,
            "enable_classiclink_dns_support": false,
            "enable_dns_hostnames": false,
            "enable_dns_support": true,
            "id": "vpc-034efaa028f36357d",
            "instance_tenancy": "default",
            "ipv6_association_id": "",
            "ipv6_cidr_block": "",
            "main_route_table_id": "rtb-068e5fac0b807429a",
            "owner_id": "123456789000",
            "tags": {
              "Name": "terradozer"
            }
          },
          "private": "eyJzY2hlbWFfdmVyc2lvbiI6IjEifQ=="
        }
      ]
    }
  ]
}
