{
  "version": 4,
  "terraform_version": "0.12.18",
  "serial": 34,
  "lineage": "f6afad4a-2c3c-5e61-0e21-f8650cdea08b",
  "outputs": {
    "vpc_id": {
      "value": "vpc-039b3d3fb4ffcf0ea",
      "type": "string"
    }
  },
  "resources": [
    {
      "mode": "managed",
      "type": "aws_vpc",
      "name": "test",
      "provider": "provider.aws",
      "instances": [
        {
          "schema_version": 1,
          "attributes": {
            "arn": "arn:aws:ec2:us-west-2:123456789000:vpc/vpc-039b3d3fb4ffcf0ea",
            "assign_generated_ipv6_cidr_block": false,
            "cidr_block": "10.0.0.0/16",
            "default_network_acl_id": "acl-0a47cf378497b4030",
            "default_route_table_id": "rtb-061af08abde93edb0",
            "default_security_group_id": "sg-048f81072c278ffe6",
            "dhcp_options_id": "dopt-56d8ce2f",
            "enable_classiclink": false,
            "enable_classiclink_dns_support": false,
            "enable_dns_hostnames": false,
            "enable_dns_support": true,
            "id": "vpc-039b3d3fb4ffcf0ea",
            "instance_tenancy": "default",
            "ipv6_association_id": "",
            "ipv6_cidr_block": "",
            "main_route_table_id": "rtb-061af08abde93edb0",
            "owner_id": "123456789000",
            "tags": {
              "Name": "test"
            }
          },
          "private": "eyJzY2hlbWFfdmVyc2lvbiI6IjEifQ=="
        }
      ]
    },
    {
      "mode": "managed",
      "type": "random_integer",
      "name": "test",
      "provider": "provider.random",
      "instances": [
        {
          "schema_version": 0,
          "attributes": {
            "id": "12375",
            "keepers": null,
            "max": 50000,
            "min": 1,
            "result": 12375,
            "seed": null
          },
          "private": "bnVsbA=="
        }
      ]
    }
  ]
}
