{
    "version": 3,
    "terraform_version": "0.11.14",
    "serial": 1,
    "lineage": "7033ee7e-0eab-26d0-85d7-0ddcf334c645",
    "modules": [
        {
            "path": [
                "root"
            ],
            "outputs": {
                "vpc_id": {
                    "sensitive": false,
                    "type": "string",
                    "value": "vpc-003104c0d87e7a9f4"
                }
            },
            "resources": {
                "aws_vpc.test": {
                    "type": "aws_vpc",
                    "depends_on": [],
                    "primary": {
                        "id": "vpc-003104c0d87e7a9f4",
                        "attributes": {
                            "arn": "arn:aws:ec2:us-west-2:123456789000:vpc/vpc-003104c0d87e7a9f4",
                            "assign_generated_ipv6_cidr_block": "false",
                            "cidr_block": "10.0.0.0/16",
                            "default_network_acl_id": "acl-0a6880bc6b410f4b3",
                            "default_route_table_id": "rtb-0e5070021e8dcef7d",
                            "default_security_group_id": "sg-02076c78ec90e7e6f",
                            "dhcp_options_id": "dopt-56d8ce2f",
                            "enable_classiclink": "false",
                            "enable_classiclink_dns_support": "false",
                            "enable_dns_hostnames": "false",
                            "enable_dns_support": "true",
                            "id": "vpc-003104c0d87e7a9f4",
                            "instance_tenancy": "default",
                            "ipv6_association_id": "",
                            "ipv6_cidr_block": "",
                            "main_route_table_id": "rtb-0e5070021e8dcef7d",
                            "owner_id": "123456789000",
                            "tags.%": "1",
                            "tags.Name": "terradozer"
                        },
                        "meta": {
                            "schema_version": "1"
                        },
                        "tainted": false
                    },
                    "deposed": [],
                    "provider": "provider.aws"
                }
            },
            "depends_on": []
        }
    ]
}
